
Microsoft Visual Studio Solution File, Format Version 12.00
# Visual Studio 15
VisualStudioVersion = 15.0.27428.2005
MinimumVisualStudioVersion = 10.0.40219.1
Project("{8BC9CEB8-8B4A-11D0-8D11-00A0C91BC942}") = "mandelbrot", "mandelbrot\mandelbrot.vcxproj", "{51CAA070-AD27-4D60-944E-BF8E489E520E}"
EndProject
Project("{8BC9CEB8-8B4A-11D0-8D11-00A0C91BC942}") = "MandelLauncher", "MandelLauncher\MandelLauncher.vcxproj", "{D3EFAC6A-AEA8-4B0D-B4BD-1D0B907C9CBE}"
EndProject
Global
	GlobalSection(SolutionConfigurationPlatforms) = preSolution
		Debug|x64 = Debug|x64
		Debug|x86 = Debug|x86
		Release|x64 = Release|x64
		Release|x86 = Release|x86
	EndGlobalSection
	GlobalSection(ProjectConfigurationPlatforms) = postSolution
		{51CAA070-AD27-4D60-944E-BF8E489E520E}.Debug|x64.ActiveCfg = Debug|x64
		{51CAA070-AD27-4D60-944E-BF8E489E520E}.Debug|x64.Build.0 = Debug|x64
		{51CAA070-AD27-4D60-944E-BF8E489E520E}.Debug|x86.ActiveCfg = Debug|Win32
		{51CAA070-AD27-4D60-944E-BF8E489E520E}.Debug|x86.Build.0 = Debug|Win32
		{51CAA070-AD27-4D60-944E-BF8E489E520E}.Release|x64.ActiveCfg = Release|x64
		{51CAA070-AD27-4D60-944E-BF8E489E520E}.Release|x64.Build.0 = Release|x64
		{51CAA070-AD27-4D60-944E-BF8E489E520E}.Release|x86.ActiveCfg = Release|Win32
		{51CAA070-AD27-4D60-944E-BF8E489E520E}.Release|x86.Build.0 = Release|Win32
		{D3EFAC6A-AEA8-4B0D-B4BD-1D0B907C9CBE}.Debug|x64.ActiveCfg = Debug|x64
		{D3EFAC6A-AEA8-4B0D-B4BD-1D0B907C9CBE}.Debug|x64.Build.0 = Debug|x64
		{D3EFAC6A-AEA8-4B0D-B4BD-1D0B907C9CBE}.Debug|x86.ActiveCfg = Debug|Win32
		{D3EFAC6A-AEA8-4B0D-B4BD-1D0B907C9CBE}.Debug|x86.Build.0 = Debug|Win32
		{D3EFAC6A-AEA8-4B0D-B4BD-1D0B907C9CBE}.Release|x64.ActiveCfg = Release|x64
		{D3EFAC6A-AEA8-4B0D-B4BD-1D0B907C9CBE}.Release|x64.Build.0 = Release|x64
		{D3EFAC6A-AEA8-4B0D-B4BD-1D0B907C9CBE}.Release|x86.ActiveCfg = Release|Win32
		{D3EFAC6A-AEA8-4B0D-B4BD-1D0B907C9CBE}.Release|x86.Build.0 = Release|Win32
	EndGlobalSection
	GlobalSection(SolutionProperties) = preSolution
		HideSolutionNode = FALSE
	EndGlobalSection
	GlobalSection(ExtensibilityGlobals) = postSolution
		SolutionGuid = {E56CE1E9-A9D3-4326-A6F7-0CC879F65A74}
	EndGlobalSection
EndGlobal
